// !$*UTF8*$!
{
	archiveVersion = 1;
	classes = {
	};
	objectVersion = 46;
	objects = {

/* Begin PBXBuildFile section */
		9F0C81C81A9C9EF10094867D /* AppDelegate.swift in Sources */ = {isa = PBXBuildFile; fileRef = 9F0C81C71A9C9EF10094867D /* AppDelegate.swift */; };
		9F0C81CA1A9C9EF10094867D /* ViewController.swift in Sources */ = {isa = PBXBuildFile; fileRef = 9F0C81C91A9C9EF10094867D /* ViewController.swift */; };
		9F0C81CD1A9C9EF10094867D /* Main.storyboard in Resources */ = {isa = PBXBuildFile; fileRef = 9F0C81CB1A9C9EF10094867D /* Main.storyboard */; };
		9F0C81CF1A9C9EF10094867D /* Images.xcassets in Resources */ = {isa = PBXBuildFile; fileRef = 9F0C81CE1A9C9EF10094867D /* Images.xcassets */; };
		9F0C81D21A9C9EF10094867D /* LaunchScreen.xib in Resources */ = {isa = PBXBuildFile; fileRef = 9F0C81D01A9C9EF10094867D /* LaunchScreen.xib */; };
		9F0C81DE1A9C9EF10094867D /* TicTacToeTests.swift in Sources */ = {isa = PBXBuildFile; fileRef = 9F0C81DD1A9C9EF10094867D /* TicTacToeTests.swift */; };
		9F0C81EB1A9CABBF0094867D /* board.png in Resources */ = {isa = PBXBuildFile; fileRef = 9F0C81E81A9CABBF0094867D /* board.png */; };
		9F0C81EC1A9CABBF0094867D /* cross.png in Resources */ = {isa = PBXBuildFile; fileRef = 9F0C81E91A9CABBF0094867D /* cross.png */; };
		9F0C81ED1A9CABBF0094867D /* nought.png in Resources */ = {isa = PBXBuildFile; fileRef = 9F0C81EA1A9CABBF0094867D /* nought.png */; };
/* End PBXBuildFile section */

/* Begin PBXContainerItemProxy section */
		9F0C81D81A9C9EF10094867D /* PBXContainerItemProxy */ = {
			isa = PBXContainerItemProxy;
			containerPortal = 9F0C81BA1A9C9EF10094867D /* Project object */;
			proxyType = 1;
			remoteGlobalIDString = 9F0C81C11A9C9EF10094867D;
			remoteInfo = TicTacToe;
		};
/* End PBXContainerItemProxy section */

/* Begin PBXFileReference section */
		9F0C81C21A9C9EF10094867D /* TicTacToe.app */ = {isa = PBXFileReference; explicitFileType = wrapper.application; includeInIndex = 0; path = TicTacToe.app; sourceTree = BUILT_PRODUCTS_DIR; };
		9F0C81C61A9C9EF10094867D /* Info.plist */ = {isa = PBXFileReference; lastKnownFileType = text.plist.xml; path = Info.plist; sourceTree = "<group>"; };
		9F0C81C71A9C9EF10094867D /* AppDelegate.swift */ = {isa = PBXFileReference; lastKnownFileType = sourcecode.swift; path = AppDelegate.swift; sourceTree = "<group>"; };
		9F0C81C91A9C9EF10094867D /* ViewController.swift */ = {isa = PBXFileReference; lastKnownFileType = sourcecode.swift; path = ViewController.swift; sourceTree = "<group>"; };
		9F0C81CC1A9C9EF10094867D /* Base */ = {isa = PBXFileReference; lastKnownFileType = file.storyboard; name = Base; path = Base.lproj/Main.storyboard; sourceTree = "<group>"; };
		9F0C81CE1A9C9EF10094867D /* Images.xcassets */ = {isa = PBXFileReference; lastKnownFileType = folder.assetcatalog; path = Images.xcassets; sourceTree = "<group>"; };
		9F0C81D11A9C9EF10094867D /* Base */ = {isa = PBXFileReference; lastKnownFileType = file.xib; name = Base; path = Base.lproj/LaunchScreen.xib; sourceTree = "<group>"; };
		9F0C81D71A9C9EF10094867D /* TicTacToeTests.xctest */ = {isa = PBXFileReference; explicitFileType = wrapper.cfbundle; includeInIndex = 0; path = TicTacToeTests.xctest; sourceTree = BUILT_PRODUCTS_DIR; };
		9F0C81DC1A9C9EF10094867D /* Info.plist */ = {isa = PBXFileReference; lastKnownFileType = text.plist.xml; path = Info.plist; sourceTree = "<group>"; };
		9F0C81DD1A9C9EF10094867D /* TicTacToeTests.swift */ = {isa = PBXFileReference; lastKnownFileType = sourcecode.swift; path = TicTacToeTests.swift; sourceTree = "<group>"; };
		9F0C81E81A9CABBF0094867D /* board.png */ = {isa = PBXFileReference; lastKnownFileType = image.png; path = board.png; sourceTree = "<group>"; };
		9F0C81E91A9CABBF0094867D /* cross.png */ = {isa = PBXFileReference; lastKnownFileType = image.png; path = cross.png; sourceTree = "<group>"; };
		9F0C81EA1A9CABBF0094867D /* nought.png */ = {isa = PBXFileReference; lastKnownFileType = image.png; path = nought.png; sourceTree = "<group>"; };
/* End PBXFileReference section */

/* Begin PBXFrameworksBuildPhase section */
		9F0C81BF1A9C9EF10094867D /* Frameworks */ = {
			isa = PBXFrameworksBuildPhase;
			buildActionMask = 2147483647;
			files = (
			);
			runOnlyForDeploymentPostprocessing = 0;
		};
		9F0C81D41A9C9EF10094867D /* Frameworks */ = {
			isa = PBXFrameworksBuildPhase;
			buildActionMask = 2147483647;
			files = (
			);
			runOnlyForDeploymentPostprocessing = 0;
		};
/* End PBXFrameworksBuildPhase section */

/* Begin PBXGroup section */
		9F0C81B91A9C9EF10094867D = {
			isa = PBXGroup;
			children = (
				9F0C81C41A9C9EF10094867D /* TicTacToe */,
				9F0C81DA1A9C9EF10094867D /* TicTacToeTests */,
				9F0C81C31A9C9EF10094867D /* Products */,
			);
			sourceTree = "<group>";
		};
		9F0C81C31A9C9EF10094867D /* Products */ = {
			isa = PBXGroup;
			children = (
				9F0C81C21A9C9EF10094867D /* TicTacToe.app */,
				9F0C81D71A9C9EF10094867D /* TicTacToeTests.xctest */,
			);
			name = Products;
			sourceTree = "<group>";
		};
		9F0C81C41A9C9EF10094867D /* TicTacToe */ = {
			isa = PBXGroup;
			children = (
				9F0C81E71A9CABA90094867D /* Images */,
				9F0C81C71A9C9EF10094867D /* AppDelegate.swift */,
				9F0C81C91A9C9EF10094867D /* ViewController.swift */,
				9F0C81CB1A9C9EF10094867D /* Main.storyboard */,
				9F0C81CE1A9C9EF10094867D /* Images.xcassets */,
				9F0C81D01A9C9EF10094867D /* LaunchScreen.xib */,
				9F0C81C51A9C9EF10094867D /* Supporting Files */,
			);
			path = TicTacToe;
			sourceTree = "<group>";
		};
		9F0C81C51A9C9EF10094867D /* Supporting Files */ = {
			isa = PBXGroup;
			children = (
				9F0C81C61A9C9EF10094867D /* Info.plist */,
			);
			name = "Supporting Files";
			sourceTree = "<group>";
		};
		9F0C81DA1A9C9EF10094867D /* TicTacToeTests */ = {
			isa = PBXGroup;
			children = (
				9F0C81DD1A9C9EF10094867D /* TicTacToeTests.swift */,
				9F0C81DB1A9C9EF10094867D /* Supporting Files */,
			);
			path = TicTacToeTests;
			sourceTree = "<group>";
		};
		9F0C81DB1A9C9EF10094867D /* Supporting Files */ = {
			isa = PBXGroup;
			children = (
				9F0C81DC1A9C9EF10094867D /* Info.plist */,
			);
			name = "Supporting Files";
			sourceTree = "<group>";
		};
		9F0C81E71A9CABA90094867D /* Images */ = {
			isa = PBXGroup;
			children = (
				9F0C81E81A9CABBF0094867D /* board.png */,
				9F0C81E91A9CABBF0094867D /* cross.png */,
				9F0C81EA1A9CABBF0094867D /* nought.png */,
			);
			name = Images;
			sourceTree = "<group>";
		};
/* End PBXGroup section */

/* Begin PBXNativeTarget section */
		9F0C81C11A9C9EF10094867D /* TicTacToe */ = {
			isa = PBXNativeTarget;
			buildConfigurationList = 9F0C81E11A9C9EF10094867D /* Build configuration list for PBXNativeTarget "TicTacToe" */;
			buildPhases = (
				9F0C81BE1A9C9EF10094867D /* Sources */,
				9F0C81BF1A9C9EF10094867D /* Frameworks */,
				9F0C81C01A9C9EF10094867D /* Resources */,
			);
			buildRules = (
			);
			dependencies = (
			);
			name = TicTacToe;
			productName = TicTacToe;
			productReference = 9F0C81C21A9C9EF10094867D /* TicTacToe.app */;
			productType = "com.apple.product-type.application";
		};
		9F0C81D61A9C9EF10094867D /* TicTacToeTests */ = {
			isa = PBXNativeTarget;
			buildConfigurationList = 9F0C81E41A9C9EF10094867D /* Build configuration list for PBXNativeTarget "TicTacToeTests" */;
			buildPhases = (
				9F0C81D31A9C9EF10094867D /* Sources */,
				9F0C81D41A9C9EF10094867D /* Frameworks */,
				9F0C81D51A9C9EF10094867D /* Resources */,
			);
			buildRules = (
			);
			dependencies = (
				9F0C81D91A9C9EF10094867D /* PBXTargetDependency */,
			);
			name = TicTacToeTests;
			productName = TicTacToeTests;
			productReference = 9F0C81D71A9C9EF10094867D /* TicTacToeTests.xctest */;
			productType = "com.apple.product-type.bundle.unit-test";
		};
/* End PBXNativeTarget section */

/* Begin PBXProject section */
		9F0C81BA1A9C9EF10094867D /* Project object */ = {
			isa = PBXProject;
			attributes = {
				LastUpgradeCheck = 0610;
				ORGANIZATIONNAME = jasmo2;
				TargetAttributes = {
					9F0C81C11A9C9EF10094867D = {
						CreatedOnToolsVersion = 6.1.1;
					};
					9F0C81D61A9C9EF10094867D = {
						CreatedOnToolsVersion = 6.1.1;
						TestTargetID = 9F0C81C11A9C9EF10094867D;
					};
				};
			};
			buildConfigurationList = 9F0C81BD1A9C9EF10094867D /* Build configuration list for PBXProject "TicTacToe" */;
			compatibilityVersion = "Xcode 3.2";
			developmentRegion = English;
			hasScannedForEncodings = 0;
			knownRegions = (
				en,
				Base,
			);
			mainGroup = 9F0C81B91A9C9EF10094867D;
			productRefGroup = 9F0C81C31A9C9EF10094867D /* Products */;
			projectDirPath = "";
			projectRoot = "";
			targets = (
				9F0C81C11A9C9EF10094867D /* TicTacToe */,
				9F0C81D61A9C9EF10094867D /* TicTacToeTests */,
			);
		};
/* End PBXProject section */

/* Begin PBXResourcesBuildPhase section */
		9F0C81C01A9C9EF10094867D /* Resources */ = {
			isa = PBXResourcesBuildPhase;
			buildActionMask = 2147483647;
			files = (
				9F0C81EC1A9CABBF0094867D /* cross.png in Resources */,
				9F0C81EB1A9CABBF0094867D /* board.png in Resources */,
				9F0C81ED1A9CABBF0094867D /* nought.png in Resources */,
				9F0C81CD1A9C9EF10094867D /* Main.storyboard in Resources */,
				9F0C81D21A9C9EF10094867D /* LaunchScreen.xib in Resources */,
				9F0C81CF1A9C9EF10094867D /* Images.xcassets in Resources */,
			);
			runOnlyForDeploymentPostprocessing = 0;
		};
		9F0C81D51A9C9EF10094867D /* Resources */ = {
			isa = PBXResourcesBuildPhase;
			buildActionMask = 2147483647;
			files = (
			);
			runOnlyForDeploymentPostprocessing = 0;
		};
/* End PBXResourcesBuildPhase section */

/* Begin PBXSourcesBuildPhase section */
		9F0C81BE1A9C9EF10094867D /* Sources */ = {
			isa = PBXSourcesBuildPhase;
			buildActionMask = 2147483647;
			files = (
				9F0C81CA1A9C9EF10094867D /* ViewController.swift in Sources */,
				9F0C81C81A9C9EF10094867D /* AppDelegate.swift in Sources */,
			);
			runOnlyForDeploymentPostprocessing = 0;
		};
		9F0C81D31A9C9EF10094867D /* Sources */ = {
			isa = PBXSourcesBuildPhase;
			buildActionMask = 2147483647;
			files = (
				9F0C81DE1A9C9EF10094867D /* TicTacToeTests.swift in Sources */,
			);
			runOnlyForDeploymentPostprocessing = 0;
		};
/* End PBXSourcesBuildPhase section */

/* Begin PBXTargetDependency section */
		9F0C81D91A9C9EF10094867D /* PBXTargetDependency */ = {
			isa = PBXTargetDependency;
			target = 9F0C81C11A9C9EF10094867D /* TicTacToe */;
			targetProxy = 9F0C81D81A9C9EF10094867D /* PBXContainerItemProxy */;
		};
/* End PBXTargetDependency section */

/* Begin PBXVariantGroup section */
		9F0C81CB1A9C9EF10094867D /* Main.storyboard */ = {
			isa = PBXVariantGroup;
			children = (
				9F0C81CC1A9C9EF10094867D /* Base */,
			);
			name = Main.storyboard;
			sourceTree = "<group>";
		};
		9F0C81D01A9C9EF10094867D /* LaunchScreen.xib */ = {
			isa = PBXVariantGroup;
			children = (
				9F0C81D11A9C9EF10094867D /* Base */,
			);
			name = LaunchScreen.xib;
			sourceTree = "<group>";
		};
/* End PBXVariantGroup section */

/* Begin XCBuildConfiguration section */
		9F0C81DF1A9C9EF10094867D /* Debug */ = {
			isa = XCBuildConfiguration;
			buildSettings = {
				ALWAYS_SEARCH_USER_PATHS = NO;
				CLANG_CXX_LANGUAGE_STANDARD = "gnu++0x";
				CLANG_CXX_LIBRARY = "libc++";
				CLANG_ENABLE_MODULES = YES;
				CLANG_ENABLE_OBJC_ARC = YES;
				CLANG_WARN_BOOL_CONVERSION = YES;
				CLANG_WARN_CONSTANT_CONVERSION = YES;
				CLANG_WARN_DIRECT_OBJC_ISA_USAGE = YES_ERROR;
				CLANG_WARN_EMPTY_BODY = YES;
				CLANG_WARN_ENUM_CONVERSION = YES;
				CLANG_WARN_INT_CONVERSION = YES;
				CLANG_WARN_OBJC_ROOT_CLASS = YES_ERROR;
				CLANG_WARN_UNREACHABLE_CODE = YES;
				CLANG_WARN__DUPLICATE_METHOD_MATCH = YES;
				"CODE_SIGN_IDENTITY[sdk=iphoneos*]" = "iPhone Developer";
				COPY_PHASE_STRIP = NO;
				ENABLE_STRICT_OBJC_MSGSEND = YES;
				GCC_C_LANGUAGE_STANDARD = gnu99;
				GCC_DYNAMIC_NO_PIC = NO;
				GCC_OPTIMIZATION_LEVEL = 0;
				GCC_PREPROCESSOR_DEFINITIONS = (
					"DEBUG=1",
					"$(inherited)",
				);
				GCC_SYMBOLS_PRIVATE_EXTERN = NO;
				GCC_WARN_64_TO_32_BIT_CONVERSION = YES;
				GCC_WARN_ABOUT_RETURN_TYPE = YES_ERROR;
				GCC_WARN_UNDECLARED_SELECTOR = YES;
				GCC_WARN_UNINITIALIZED_AUTOS = YES_AGGRESSIVE;
				GCC_WARN_UNUSED_FUNCTION = YES;
				GCC_WARN_UNUSED_VARIABLE = YES;
				IPHONEOS_DEPLOYMENT_TARGET = 8.1;
				MTL_ENABLE_DEBUG_INFO = YES;
				ONLY_ACTIVE_ARCH = YES;
				SDKROOT = iphoneos;
				SWIFT_OPTIMIZATION_LEVEL = "-Onone";
			};
			name = Debug;
		};
		9F0C81E01A9C9EF10094867D /* Release */ = {
			isa = XCBuildConfiguration;
			buildSettings = {
				ALWAYS_SEARCH_USER_PATHS = NO;
				CLANG_CXX_LANGUAGE_STANDARD = "gnu++0x";
				CLANG_CXX_LIBRARY = "libc++";
				CLANG_ENABLE_MODULES = YES;
				CLANG_ENABLE_OBJC_ARC = YES;
				CLANG_WARN_BOOL_CONVERSION = YES;
				CLANG_WARN_CONSTANT_CONVERSION = YES;
				CLANG_WARN_DIRECT_OBJC_ISA_USAGE = YES_ERROR;
				CLANG_WARN_EMPTY_BODY = YES;
				CLANG_WARN_ENUM_CONVERSION = YES;
				CLANG_WARN_INT_CONVERSION = YES;
				CLANG_WARN_OBJC_ROOT_CLASS = YES_ERROR;
				CLANG_WARN_UNREACHABLE_CODE = YES;
				CLANG_WARN__DUPLICATE_METHOD_MATCH = YES;
				"CODE_SIGN_IDENTITY[sdk=iphoneos*]" = "iPhone Developer";
				COPY_PHASE_STRIP = YES;
				ENABLE_NS_ASSERTIONS = NO;
				ENABLE_STRICT_OBJC_MSGSEND = YES;
				GCC_C_LANGUAGE_STANDARD = gnu99;
				GCC_WARN_64_TO_32_BIT_CONVERSION = YES;
				GCC_WARN_ABOUT_RETURN_TYPE = YES_ERROR;
				GCC_WARN_UNDECLARED_SELECTOR = YES;
				GCC_WARN_UNINITIALIZED_AUTOS = YES_AGGRESSIVE;
				GCC_WARN_UNUSED_FUNCTION = YES;
				GCC_WARN_UNUSED_VARIABLE = YES;
				IPHONEOS_DEPLOYMENT_TARGET = 8.1;
				MTL_ENABLE_DEBUG_INFO = NO;
				SDKROOT = iphoneos;
				VALIDATE_PRODUCT = YES;
			};
			name = Release;
		};
		9F0C81E21A9C9EF10094867D /* Debug */ = {
			isa = XCBuildConfiguration;
			buildSettings = {
				ASSETCATALOG_COMPILER_APPICON_NAME = AppIcon;
				INFOPLIST_FILE = TicTacToe/Info.plist;
				LD_RUNPATH_SEARCH_PATHS = "$(inherited) @executable_path/Frameworks";
				PRODUCT_NAME = "$(TARGET_NAME)";
			};
			name = Debug;
		};
		9F0C81E31A9C9EF10094867D /* Release */ = {
			isa = XCBuildConfiguration;
			buildSettings = {
				ASSETCATALOG_COMPILER_APPICON_NAME = AppIcon;
				INFOPLIST_FILE = TicTacToe/Info.plist;
				LD_RUNPATH_SEARCH_PATHS = "$(inherited) @executable_path/Frameworks";
				PRODUCT_NAME = "$(TARGET_NAME)";
			};
			name = Release;
		};
		9F0C81E51A9C9EF10094867D /* Debug */ = {
			isa = XCBuildConfiguration;
			buildSettings = {
				BUNDLE_LOADER = "$(TEST_HOST)";
				FRAMEWORK_SEARCH_PATHS = (
					"$(SDKROOT)/Developer/Library/Frameworks",
					"$(inherited)",
				);
				GCC_PREPROCESSOR_DEFINITIONS = (
					"DEBUG=1",
					"$(inherited)",
				);
				INFOPLIST_FILE = TicTacToeTests/Info.plist;
				LD_RUNPATH_SEARCH_PATHS = "$(inherited) @executable_path/Frameworks @loader_path/Frameworks";
				PRODUCT_NAME = "$(TARGET_NAME)";
				TEST_HOST = "$(BUILT_PRODUCTS_DIR)/TicTacToe.app/TicTacToe";
			};
			name = Debug;
		};
		9F0C81E61A9C9EF10094867D /* Release */ = {
			isa = XCBuildConfiguration;
			buildSettings = {
				BUNDLE_LOADER = "$(TEST_HOST)";
				FRAMEWORK_SEARCH_PATHS = (
					"$(SDKROOT)/Developer/Library/Frameworks",
					"$(inherited)",
				);
				INFOPLIST_FILE = TicTacToeTests/Info.plist;
				LD_RUNPATH_SEARCH_PATHS = "$(inherited) @executable_path/Frameworks @loader_path/Frameworks";
				PRODUCT_NAME = "$(TARGET_NAME)";
				TEST_HOST = "$(BUILT_PRODUCTS_DIR)/TicTacToe.app/TicTacToe";
			};
			name = Release;
		};
/* End XCBuildConfiguration section */

/* Begin XCConfigurationList section */
		9F0C81BD1A9C9EF10094867D /* Build configuration list for PBXProject "TicTacToe" */ = {
			isa = XCConfigurationList;
			buildConfigurations = (
				9F0C81DF1A9C9EF10094867D /* Debug */,
				9F0C81E01A9C9EF10094867D /* Release */,
			);
			defaultConfigurationIsVisible = 0;
			defaultConfigurationName = Release;
		};
		9F0C81E11A9C9EF10094867D /* Build configuration list for PBXNativeTarget "TicTacToe" */ = {
			isa = XCConfigurationList;
			buildConfigurations = (
				9F0C81E21A9C9EF10094867D /* Debug */,
				9F0C81E31A9C9EF10094867D /* Release */,
			);
			defaultConfigurationIsVisible = 0;
		};
		9F0C81E41A9C9EF10094867D /* Build configuration list for PBXNativeTarget "TicTacToeTests" */ = {
			isa = XCConfigurationList;
			buildConfigurations = (
				9F0C81E51A9C9EF10094867D /* Debug */,
				9F0C81E61A9C9EF10094867D /* Release */,
			);
			defaultConfigurationIsVisible = 0;
		};
/* End XCConfigurationList section */
	};
	rootObject = 9F0C81BA1A9C9EF10094867D /* Project object */;
}
